
Microsoft Visual Studio Solution File, Format Version 12.00
# Visual Studio Version 17
VisualStudioVersion = 17.8.34330.188
MinimumVisualStudioVersion = 10.0.40219.1
Project("{FAE04EC0-301F-11D3-BF4B-00C04F79EFBC}") = "cs6232-g4", "cs6232-g4.csproj", "{5600EB6C-E099-4815-9FF6-EBE28BC500D8}"
EndProject
Global
	GlobalSection(SolutionConfigurationPlatforms) = preSolution
		Debug|Any CPU = Debug|Any CPU
		Release|Any CPU = Release|Any CPU
	EndGlobalSection
	GlobalSection(ProjectConfigurationPlatforms) = postSolution
		{5600EB6C-E099-4815-9FF6-EBE28BC500D8}.Debug|Any CPU.ActiveCfg = Debug|Any CPU
		{5600EB6C-E099-4815-9FF6-EBE28BC500D8}.Debug|Any CPU.Build.0 = Debug|Any CPU
		{5600EB6C-E099-4815-9FF6-EBE28BC500D8}.Release|Any CPU.ActiveCfg = Release|Any CPU
		{5600EB6C-E099-4815-9FF6-EBE28BC500D8}.Release|Any CPU.Build.0 = Release|Any CPU
	EndGlobalSection
	GlobalSection(SolutionProperties) = preSolution
		HideSolutionNode = FALSE
	EndGlobalSection
	GlobalSection(ExtensibilityGlobals) = postSolution
		SolutionGuid = {53FE9B1E-D922-4494-800B-8906D53DA876}
	EndGlobalSection
EndGlobal
